
Microsoft Visual Studio Solution File, Format Version 12.00
# Visual Studio Version 17
VisualStudioVersion = 17.0.31612.314
MinimumVisualStudioVersion = 10.0.40219.1
Project("{FAE04EC0-301F-11D3-BF4B-00C04F79EFBC}") = "test game", "test game\test game.csproj", "{62FC2201-C2E4-4CAA-BABB-E890208BFF4B}"
EndProject
Global
	GlobalSection(SolutionConfigurationPlatforms) = preSolution
		Debug|Any CPU = Debug|Any CPU
		Release|Any CPU = Release|Any CPU
	EndGlobalSection
	GlobalSection(ProjectConfigurationPlatforms) = postSolution
		{62FC2201-C2E4-4CAA-BABB-E890208BFF4B}.Debug|Any CPU.ActiveCfg = Debug|Any CPU
		{62FC2201-C2E4-4CAA-BABB-E890208BFF4B}.Debug|Any CPU.Build.0 = Debug|Any CPU
		{62FC2201-C2E4-4CAA-BABB-E890208BFF4B}.Release|Any CPU.ActiveCfg = Release|Any CPU
		{62FC2201-C2E4-4CAA-BABB-E890208BFF4B}.Release|Any CPU.Build.0 = Release|Any CPU
	EndGlobalSection
	GlobalSection(SolutionProperties) = preSolution
		HideSolutionNode = FALSE
	EndGlobalSection
	GlobalSection(ExtensibilityGlobals) = postSolution
		SolutionGuid = {01161178-B223-4F5E-A9B1-09C6DFE5ECFC}
	EndGlobalSection
EndGlobal
